
Microsoft Visual Studio Solution File, Format Version 12.00
# Visual Studio 15
VisualStudioVersion = 15.0.28010.2036
MinimumVisualStudioVersion = 10.0.40219.1
Project("{FAE04EC0-301F-11D3-BF4B-00C04F79EFBC}") = "AOC201916", "AOC201916\AOC201916.csproj", "{3B6537E8-EF47-4CB3-8550-542F7B05D62E}"
EndProject
Global
	GlobalSection(SolutionConfigurationPlatforms) = preSolution
		Debug|Any CPU = Debug|Any CPU
		Release|Any CPU = Release|Any CPU
	EndGlobalSection
	GlobalSection(ProjectConfigurationPlatforms) = postSolution
		{3B6537E8-EF47-4CB3-8550-542F7B05D62E}.Debug|Any CPU.ActiveCfg = Debug|Any CPU
		{3B6537E8-EF47-4CB3-8550-542F7B05D62E}.Debug|Any CPU.Build.0 = Debug|Any CPU
		{3B6537E8-EF47-4CB3-8550-542F7B05D62E}.Release|Any CPU.ActiveCfg = Release|Any CPU
		{3B6537E8-EF47-4CB3-8550-542F7B05D62E}.Release|Any CPU.Build.0 = Release|Any CPU
	EndGlobalSection
	GlobalSection(SolutionProperties) = preSolution
		HideSolutionNode = FALSE
	EndGlobalSection
	GlobalSection(ExtensibilityGlobals) = postSolution
		SolutionGuid = {FFB45230-DF38-47ED-8FEF-01D41D7C8929}
	EndGlobalSection
EndGlobal
